
Microsoft Visual Studio Solution File, Format Version 12.00
# Visual Studio Version 16
VisualStudioVersion = 16.0.29709.97
MinimumVisualStudioVersion = 10.0.40219.1
Project("{FAE04EC0-301F-11D3-BF4B-00C04F79EFBC}") = "MyFirstConsoleApp", "MyFirstConsoleApp\MyFirstConsoleApp.csproj", "{271AE0D3-2A12-438F-8A15-6A49035ADE70}"
EndProject
Global
	GlobalSection(SolutionConfigurationPlatforms) = preSolution
		Debug|Any CPU = Debug|Any CPU
		Release|Any CPU = Release|Any CPU
	EndGlobalSection
	GlobalSection(ProjectConfigurationPlatforms) = postSolution
		{271AE0D3-2A12-438F-8A15-6A49035ADE70}.Debug|Any CPU.ActiveCfg = Debug|Any CPU
		{271AE0D3-2A12-438F-8A15-6A49035ADE70}.Debug|Any CPU.Build.0 = Debug|Any CPU
		{271AE0D3-2A12-438F-8A15-6A49035ADE70}.Release|Any CPU.ActiveCfg = Release|Any CPU
		{271AE0D3-2A12-438F-8A15-6A49035ADE70}.Release|Any CPU.Build.0 = Release|Any CPU
	EndGlobalSection
	GlobalSection(SolutionProperties) = preSolution
		HideSolutionNode = FALSE
	EndGlobalSection
	GlobalSection(ExtensibilityGlobals) = postSolution
		SolutionGuid = {5A3A4E54-7661-40C7-982D-FF22FF7BB69F}
	EndGlobalSection
EndGlobal
